// !$*UTF8*$!
{
	archiveVersion = 1;
	classes = {
	};
	objectVersion = 48;
	objects = {

/* Begin PBXBuildFile section */
		C391DB87206E48AC00DEA30F /* AppDelegate.swift in Sources */ = {isa = PBXBuildFile; fileRef = C391DB86206E48AC00DEA30F /* AppDelegate.swift */; };
		C391DB8C206E48AD00DEA30F /* Main.storyboard in Resources */ = {isa = PBXBuildFile; fileRef = C391DB8A206E48AD00DEA30F /* Main.storyboard */; };
		C391DB8E206E48AD00DEA30F /* Assets.xcassets in Resources */ = {isa = PBXBuildFile; fileRef = C391DB8D206E48AD00DEA30F /* Assets.xcassets */; };
		C391DB91206E48AD00DEA30F /* LaunchScreen.storyboard in Resources */ = {isa = PBXBuildFile; fileRef = C391DB8F206E48AD00DEA30F /* LaunchScreen.storyboard */; };
		C391DB9C206E48B400DEA30F /* v2POCPIPUITests.swift in Sources */ = {isa = PBXBuildFile; fileRef = C391DB9B206E48B400DEA30F /* v2POCPIPUITests.swift */; };
		C391DBAA206E57A500DEA30F /* samplemovie.mov in Resources */ = {isa = PBXBuildFile; fileRef = C391DBA9206E57A500DEA30F /* samplemovie.mov */; };
		C391DBAC206E598400DEA30F /* PlayerViewController.swift in Sources */ = {isa = PBXBuildFile; fileRef = C391DBAB206E598400DEA30F /* PlayerViewController.swift */; };
		C391DBAE206E59AB00DEA30F /* PlayerView.swift in Sources */ = {isa = PBXBuildFile; fileRef = C391DBAD206E59AB00DEA30F /* PlayerView.swift */; };
/* End PBXBuildFile section */

/* Begin PBXContainerItemProxy section */
		C391DB98206E48B300DEA30F /* PBXContainerItemProxy */ = {
			isa = PBXContainerItemProxy;
			containerPortal = C391DB7B206E48AB00DEA30F /* Project object */;
			proxyType = 1;
			remoteGlobalIDString = C391DB82206E48AC00DEA30F;
			remoteInfo = v2POCPIP;
		};
/* End PBXContainerItemProxy section */

/* Begin PBXFileReference section */
		C391DB83206E48AC00DEA30F /* v2POCPIP.app */ = {isa = PBXFileReference; explicitFileType = wrapper.application; includeInIndex = 0; path = v2POCPIP.app; sourceTree = BUILT_PRODUCTS_DIR; };
		C391DB86206E48AC00DEA30F /* AppDelegate.swift */ = {isa = PBXFileReference; lastKnownFileType = sourcecode.swift; path = AppDelegate.swift; sourceTree = "<group>"; };
		C391DB8B206E48AD00DEA30F /* Base */ = {isa = PBXFileReference; lastKnownFileType = file.storyboard; name = Base; path = Base.lproj/Main.storyboard; sourceTree = "<group>"; };
		C391DB8D206E48AD00DEA30F /* Assets.xcassets */ = {isa = PBXFileReference; lastKnownFileType = folder.assetcatalog; path = Assets.xcassets; sourceTree = "<group>"; };
		C391DB90206E48AD00DEA30F /* Base */ = {isa = PBXFileReference; lastKnownFileType = file.storyboard; name = Base; path = Base.lproj/LaunchScreen.storyboard; sourceTree = "<group>"; };
		C391DB92206E48AD00DEA30F /* Info.plist */ = {isa = PBXFileReference; lastKnownFileType = text.plist.xml; path = Info.plist; sourceTree = "<group>"; };
		C391DB97206E48B300DEA30F /* v2POCPIPUITests.xctest */ = {isa = PBXFileReference; explicitFileType = wrapper.cfbundle; includeInIndex = 0; path = v2POCPIPUITests.xctest; sourceTree = BUILT_PRODUCTS_DIR; };
		C391DB9B206E48B400DEA30F /* v2POCPIPUITests.swift */ = {isa = PBXFileReference; lastKnownFileType = sourcecode.swift; path = v2POCPIPUITests.swift; sourceTree = "<group>"; };
		C391DB9D206E48B400DEA30F /* Info.plist */ = {isa = PBXFileReference; lastKnownFileType = text.plist.xml; path = Info.plist; sourceTree = "<group>"; };
		C391DBA9206E57A500DEA30F /* samplemovie.mov */ = {isa = PBXFileReference; lastKnownFileType = video.quicktime; path = samplemovie.mov; sourceTree = "<group>"; };
		C391DBAB206E598400DEA30F /* PlayerViewController.swift */ = {isa = PBXFileReference; lastKnownFileType = sourcecode.swift; path = PlayerViewController.swift; sourceTree = "<group>"; };
		C391DBAD206E59AB00DEA30F /* PlayerView.swift */ = {isa = PBXFileReference; lastKnownFileType = sourcecode.swift; path = PlayerView.swift; sourceTree = "<group>"; };
/* End PBXFileReference section */

/* Begin PBXFrameworksBuildPhase section */
		C391DB80206E48AC00DEA30F /* Frameworks */ = {
			isa = PBXFrameworksBuildPhase;
			buildActionMask = 2147483647;
			files = (
			);
			runOnlyForDeploymentPostprocessing = 0;
		};
		C391DB94206E48B300DEA30F /* Frameworks */ = {
			isa = PBXFrameworksBuildPhase;
			buildActionMask = 2147483647;
			files = (
			);
			runOnlyForDeploymentPostprocessing = 0;
		};
/* End PBXFrameworksBuildPhase section */

/* Begin PBXGroup section */
		C391DB7A206E48AB00DEA30F = {
			isa = PBXGroup;
			children = (
				C391DBA8206E57A500DEA30F /* Videos */,
				C391DB85206E48AC00DEA30F /* v2POCPIP */,
				C391DB9A206E48B300DEA30F /* v2POCPIPUITests */,
				C391DB84206E48AC00DEA30F /* Products */,
			);
			sourceTree = "<group>";
		};
		C391DB84206E48AC00DEA30F /* Products */ = {
			isa = PBXGroup;
			children = (
				C391DB83206E48AC00DEA30F /* v2POCPIP.app */,
				C391DB97206E48B300DEA30F /* v2POCPIPUITests.xctest */,
			);
			name = Products;
			sourceTree = "<group>";
		};
		C391DB85206E48AC00DEA30F /* v2POCPIP */ = {
			isa = PBXGroup;
			children = (
				C391DB86206E48AC00DEA30F /* AppDelegate.swift */,
				C391DBAB206E598400DEA30F /* PlayerViewController.swift */,
				C391DBAD206E59AB00DEA30F /* PlayerView.swift */,
				C391DB8A206E48AD00DEA30F /* Main.storyboard */,
				C391DB8D206E48AD00DEA30F /* Assets.xcassets */,
				C391DB8F206E48AD00DEA30F /* LaunchScreen.storyboard */,
				C391DB92206E48AD00DEA30F /* Info.plist */,
			);
			path = v2POCPIP;
			sourceTree = "<group>";
		};
		C391DB9A206E48B300DEA30F /* v2POCPIPUITests */ = {
			isa = PBXGroup;
			children = (
				C391DB9B206E48B400DEA30F /* v2POCPIPUITests.swift */,
				C391DB9D206E48B400DEA30F /* Info.plist */,
			);
			path = v2POCPIPUITests;
			sourceTree = "<group>";
		};
		C391DBA8206E57A500DEA30F /* Videos */ = {
			isa = PBXGroup;
			children = (
				C391DBA9206E57A500DEA30F /* samplemovie.mov */,
			);
			path = Videos;
			sourceTree = "<group>";
		};
/* End PBXGroup section */

/* Begin PBXNativeTarget section */
		C391DB82206E48AC00DEA30F /* v2POCPIP */ = {
			isa = PBXNativeTarget;
			buildConfigurationList = C391DBA0206E48B400DEA30F /* Build configuration list for PBXNativeTarget "v2POCPIP" */;
			buildPhases = (
				C391DB7F206E48AC00DEA30F /* Sources */,
				C391DB80206E48AC00DEA30F /* Frameworks */,
				C391DB81206E48AC00DEA30F /* Resources */,
			);
			buildRules = (
			);
			dependencies = (
			);
			name = v2POCPIP;
			productName = v2POCPIP;
			productReference = C391DB83206E48AC00DEA30F /* v2POCPIP.app */;
			productType = "com.apple.product-type.application";
		};
		C391DB96206E48B300DEA30F /* v2POCPIPUITests */ = {
			isa = PBXNativeTarget;
			buildConfigurationList = C391DBA3206E48B400DEA30F /* Build configuration list for PBXNativeTarget "v2POCPIPUITests" */;
			buildPhases = (
				C391DB93206E48B300DEA30F /* Sources */,
				C391DB94206E48B300DEA30F /* Frameworks */,
				C391DB95206E48B300DEA30F /* Resources */,
			);
			buildRules = (
			);
			dependencies = (
				C391DB99206E48B300DEA30F /* PBXTargetDependency */,
			);
			name = v2POCPIPUITests;
			productName = v2POCPIPUITests;
			productReference = C391DB97206E48B300DEA30F /* v2POCPIPUITests.xctest */;
			productType = "com.apple.product-type.bundle.ui-testing";
		};
/* End PBXNativeTarget section */

/* Begin PBXProject section */
		C391DB7B206E48AB00DEA30F /* Project object */ = {
			isa = PBXProject;
			attributes = {
				LastSwiftUpdateCheck = 0920;
				LastUpgradeCheck = 0920;
				ORGANIZATIONNAME = "Kunal Parekh";
				TargetAttributes = {
					C391DB82206E48AC00DEA30F = {
						CreatedOnToolsVersion = 9.2;
						ProvisioningStyle = Manual;
						SystemCapabilities = {
							com.apple.BackgroundModes = {
								enabled = 1;
							};
						};
					};
					C391DB96206E48B300DEA30F = {
						CreatedOnToolsVersion = 9.2;
						ProvisioningStyle = Automatic;
						TestTargetID = C391DB82206E48AC00DEA30F;
					};
				};
			};
			buildConfigurationList = C391DB7E206E48AB00DEA30F /* Build configuration list for PBXProject "v2POCPIP" */;
			compatibilityVersion = "Xcode 8.0";
			developmentRegion = en;
			hasScannedForEncodings = 0;
			knownRegions = (
				en,
				Base,
			);
			mainGroup = C391DB7A206E48AB00DEA30F;
			productRefGroup = C391DB84206E48AC00DEA30F /* Products */;
			projectDirPath = "";
			projectRoot = "";
			targets = (
				C391DB82206E48AC00DEA30F /* v2POCPIP */,
				C391DB96206E48B300DEA30F /* v2POCPIPUITests */,
			);
		};
/* End PBXProject section */

/* Begin PBXResourcesBuildPhase section */
		C391DB81206E48AC00DEA30F /* Resources */ = {
			isa = PBXResourcesBuildPhase;
			buildActionMask = 2147483647;
			files = (
				C391DB91206E48AD00DEA30F /* LaunchScreen.storyboard in Resources */,
				C391DBAA206E57A500DEA30F /* samplemovie.mov in Resources */,
				C391DB8E206E48AD00DEA30F /* Assets.xcassets in Resources */,
				C391DB8C206E48AD00DEA30F /* Main.storyboard in Resources */,
			);
			runOnlyForDeploymentPostprocessing = 0;
		};
		C391DB95206E48B300DEA30F /* Resources */ = {
			isa = PBXResourcesBuildPhase;
			buildActionMask = 2147483647;
			files = (
			);
			runOnlyForDeploymentPostprocessing = 0;
		};
/* End PBXResourcesBuildPhase section */

/* Begin PBXSourcesBuildPhase section */
		C391DB7F206E48AC00DEA30F /* Sources */ = {
			isa = PBXSourcesBuildPhase;
			buildActionMask = 2147483647;
			files = (
				C391DB87206E48AC00DEA30F /* AppDelegate.swift in Sources */,
				C391DBAC206E598400DEA30F /* PlayerViewController.swift in Sources */,
				C391DBAE206E59AB00DEA30F /* PlayerView.swift in Sources */,
			);
			runOnlyForDeploymentPostprocessing = 0;
		};
		C391DB93206E48B300DEA30F /* Sources */ = {
			isa = PBXSourcesBuildPhase;
			buildActionMask = 2147483647;
			files = (
				C391DB9C206E48B400DEA30F /* v2POCPIPUITests.swift in Sources */,
			);
			runOnlyForDeploymentPostprocessing = 0;
		};
/* End PBXSourcesBuildPhase section */

/* Begin PBXTargetDependency section */
		C391DB99206E48B300DEA30F /* PBXTargetDependency */ = {
			isa = PBXTargetDependency;
			target = C391DB82206E48AC00DEA30F /* v2POCPIP */;
			targetProxy = C391DB98206E48B300DEA30F /* PBXContainerItemProxy */;
		};
/* End PBXTargetDependency section */

/* Begin PBXVariantGroup section */
		C391DB8A206E48AD00DEA30F /* Main.storyboard */ = {
			isa = PBXVariantGroup;
			children = (
				C391DB8B206E48AD00DEA30F /* Base */,
			);
			name = Main.storyboard;
			sourceTree = "<group>";
		};
		C391DB8F206E48AD00DEA30F /* LaunchScreen.storyboard */ = {
			isa = PBXVariantGroup;
			children = (
				C391DB90206E48AD00DEA30F /* Base */,
			);
			name = LaunchScreen.storyboard;
			sourceTree = "<group>";
		};
/* End PBXVariantGroup section */

/* Begin XCBuildConfiguration section */
		C391DB9E206E48B400DEA30F /* Debug */ = {
			isa = XCBuildConfiguration;
			buildSettings = {
				ALWAYS_SEARCH_USER_PATHS = NO;
				CLANG_ANALYZER_NONNULL = YES;
				CLANG_ANALYZER_NUMBER_OBJECT_CONVERSION = YES_AGGRESSIVE;
				CLANG_CXX_LANGUAGE_STANDARD = "gnu++14";
				CLANG_CXX_LIBRARY = "libc++";
				CLANG_ENABLE_MODULES = YES;
				CLANG_ENABLE_OBJC_ARC = YES;
				CLANG_WARN_BLOCK_CAPTURE_AUTORELEASING = YES;
				CLANG_WARN_BOOL_CONVERSION = YES;
				CLANG_WARN_COMMA = YES;
				CLANG_WARN_CONSTANT_CONVERSION = YES;
				CLANG_WARN_DIRECT_OBJC_ISA_USAGE = YES_ERROR;
				CLANG_WARN_DOCUMENTATION_COMMENTS = YES;
				CLANG_WARN_EMPTY_BODY = YES;
				CLANG_WARN_ENUM_CONVERSION = YES;
				CLANG_WARN_INFINITE_RECURSION = YES;
				CLANG_WARN_INT_CONVERSION = YES;
				CLANG_WARN_NON_LITERAL_NULL_CONVERSION = YES;
				CLANG_WARN_OBJC_LITERAL_CONVERSION = YES;
				CLANG_WARN_OBJC_ROOT_CLASS = YES_ERROR;
				CLANG_WARN_RANGE_LOOP_ANALYSIS = YES;
				CLANG_WARN_STRICT_PROTOTYPES = YES;
				CLANG_WARN_SUSPICIOUS_MOVE = YES;
				CLANG_WARN_UNGUARDED_AVAILABILITY = YES_AGGRESSIVE;
				CLANG_WARN_UNREACHABLE_CODE = YES;
				CLANG_WARN__DUPLICATE_METHOD_MATCH = YES;
				CODE_SIGN_IDENTITY = "iPhone Developer";
				COPY_PHASE_STRIP = NO;
				DEBUG_INFORMATION_FORMAT = dwarf;
				ENABLE_STRICT_OBJC_MSGSEND = YES;
				ENABLE_TESTABILITY = YES;
				GCC_C_LANGUAGE_STANDARD = gnu11;
				GCC_DYNAMIC_NO_PIC = NO;
				GCC_NO_COMMON_BLOCKS = YES;
				GCC_OPTIMIZATION_LEVEL = 0;
				GCC_PREPROCESSOR_DEFINITIONS = (
					"DEBUG=1",
					"$(inherited)",
				);
				GCC_WARN_64_TO_32_BIT_CONVERSION = YES;
				GCC_WARN_ABOUT_RETURN_TYPE = YES_ERROR;
				GCC_WARN_UNDECLARED_SELECTOR = YES;
				GCC_WARN_UNINITIALIZED_AUTOS = YES_AGGRESSIVE;
				GCC_WARN_UNUSED_FUNCTION = YES;
				GCC_WARN_UNUSED_VARIABLE = YES;
				IPHONEOS_DEPLOYMENT_TARGET = 11.2;
				MTL_ENABLE_DEBUG_INFO = YES;
				ONLY_ACTIVE_ARCH = YES;
				SDKROOT = iphoneos;
				SWIFT_ACTIVE_COMPILATION_CONDITIONS = DEBUG;
				SWIFT_OPTIMIZATION_LEVEL = "-Onone";
			};
			name = Debug;
		};
		C391DB9F206E48B400DEA30F /* Release */ = {
			isa = XCBuildConfiguration;
			buildSettings = {
				ALWAYS_SEARCH_USER_PATHS = NO;
				CLANG_ANALYZER_NONNULL = YES;
				CLANG_ANALYZER_NUMBER_OBJECT_CONVERSION = YES_AGGRESSIVE;
				CLANG_CXX_LANGUAGE_STANDARD = "gnu++14";
				CLANG_CXX_LIBRARY = "libc++";
				CLANG_ENABLE_MODULES = YES;
				CLANG_ENABLE_OBJC_ARC = YES;
				CLANG_WARN_BLOCK_CAPTURE_AUTORELEASING = YES;
				CLANG_WARN_BOOL_CONVERSION = YES;
				CLANG_WARN_COMMA = YES;
				CLANG_WARN_CONSTANT_CONVERSION = YES;
				CLANG_WARN_DIRECT_OBJC_ISA_USAGE = YES_ERROR;
				CLANG_WARN_DOCUMENTATION_COMMENTS = YES;
				CLANG_WARN_EMPTY_BODY = YES;
				CLANG_WARN_ENUM_CONVERSION = YES;
				CLANG_WARN_INFINITE_RECURSION = YES;
				CLANG_WARN_INT_CONVERSION = YES;
				CLANG_WARN_NON_LITERAL_NULL_CONVERSION = YES;
				CLANG_WARN_OBJC_LITERAL_CONVERSION = YES;
				CLANG_WARN_OBJC_ROOT_CLASS = YES_ERROR;
				CLANG_WARN_RANGE_LOOP_ANALYSIS = YES;
				CLANG_WARN_STRICT_PROTOTYPES = YES;
				CLANG_WARN_SUSPICIOUS_MOVE = YES;
				CLANG_WARN_UNGUARDED_AVAILABILITY = YES_AGGRESSIVE;
				CLANG_WARN_UNREACHABLE_CODE = YES;
				CLANG_WARN__DUPLICATE_METHOD_MATCH = YES;
				CODE_SIGN_IDENTITY = "iPhone Developer";
				COPY_PHASE_STRIP = NO;
				DEBUG_INFORMATION_FORMAT = "dwarf-with-dsym";
				ENABLE_NS_ASSERTIONS = NO;
				ENABLE_STRICT_OBJC_MSGSEND = YES;
				GCC_C_LANGUAGE_STANDARD = gnu11;
				GCC_NO_COMMON_BLOCKS = YES;
				GCC_WARN_64_TO_32_BIT_CONVERSION = YES;
				GCC_WARN_ABOUT_RETURN_TYPE = YES_ERROR;
				GCC_WARN_UNDECLARED_SELECTOR = YES;
				GCC_WARN_UNINITIALIZED_AUTOS = YES_AGGRESSIVE;
				GCC_WARN_UNUSED_FUNCTION = YES;
				GCC_WARN_UNUSED_VARIABLE = YES;
				IPHONEOS_DEPLOYMENT_TARGET = 11.2;
				MTL_ENABLE_DEBUG_INFO = NO;
				SDKROOT = iphoneos;
				SWIFT_OPTIMIZATION_LEVEL = "-Owholemodule";
				VALIDATE_PRODUCT = YES;
			};
			name = Release;
		};
		C391DBA1206E48B400DEA30F /* Debug */ = {
			isa = XCBuildConfiguration;
			buildSettings = {
				ASSETCATALOG_COMPILER_APPICON_NAME = AppIcon;
				"CODE_SIGN_IDENTITY[sdk=iphoneos*]" = "iPhone Developer";
				CODE_SIGN_STYLE = Manual;
				DEVELOPMENT_TEAM = 4G2KHJ47KE;
				INFOPLIST_FILE = v2POCPIP/Info.plist;
				LD_RUNPATH_SEARCH_PATHS = "$(inherited) @executable_path/Frameworks";
				PRODUCT_BUNDLE_IDENTIFIER = "com.v2solutions.-";
				PRODUCT_NAME = "$(TARGET_NAME)";
				PROVISIONING_PROFILE = "ad71c426-dad9-464f-805e-9c699e1434a4";
				PROVISIONING_PROFILE_SPECIFIER = "V2Inc Wildcard Development Profile";
				SWIFT_VERSION = 4.0;
				TARGETED_DEVICE_FAMILY = 2;
			};
			name = Debug;
		};
		C391DBA2206E48B400DEA30F /* Release */ = {
			isa = XCBuildConfiguration;
			buildSettings = {
				ASSETCATALOG_COMPILER_APPICON_NAME = AppIcon;
				CODE_SIGN_STYLE = Manual;
				DEVELOPMENT_TEAM = "";
				INFOPLIST_FILE = v2POCPIP/Info.plist;
				LD_RUNPATH_SEARCH_PATHS = "$(inherited) @executable_path/Frameworks";
				PRODUCT_BUNDLE_IDENTIFIER = "com.v2solutions.-";
				PRODUCT_NAME = "$(TARGET_NAME)";
				PROVISIONING_PROFILE_SPECIFIER = "";
				SWIFT_VERSION = 4.0;
				TARGETED_DEVICE_FAMILY = 2;
			};
			name = Release;
		};
		C391DBA4206E48B400DEA30F /* Debug */ = {
			isa = XCBuildConfiguration;
			buildSettings = {
				ALWAYS_EMBED_SWIFT_STANDARD_LIBRARIES = YES;
				CODE_SIGN_STYLE = Automatic;
				INFOPLIST_FILE = v2POCPIPUITests/Info.plist;
				LD_RUNPATH_SEARCH_PATHS = "$(inherited) @executable_path/Frameworks @loader_path/Frameworks";
				PRODUCT_BUNDLE_IDENTIFIER = "com.v2solutions.-.v2POCPIPUITests";
				PRODUCT_NAME = "$(TARGET_NAME)";
				SWIFT_VERSION = 4.0;
				TARGETED_DEVICE_FAMILY = "1,2";
				TEST_TARGET_NAME = v2POCPIP;
			};
			name = Debug;
		};
		C391DBA5206E48B400DEA30F /* Release */ = {
			isa = XCBuildConfiguration;
			buildSettings = {
				ALWAYS_EMBED_SWIFT_STANDARD_LIBRARIES = YES;
				CODE_SIGN_STYLE = Automatic;
				INFOPLIST_FILE = v2POCPIPUITests/Info.plist;
				LD_RUNPATH_SEARCH_PATHS = "$(inherited) @executable_path/Frameworks @loader_path/Frameworks";
				PRODUCT_BUNDLE_IDENTIFIER = "com.v2solutions.-.v2POCPIPUITests";
				PRODUCT_NAME = "$(TARGET_NAME)";
				SWIFT_VERSION = 4.0;
				TARGETED_DEVICE_FAMILY = "1,2";
				TEST_TARGET_NAME = v2POCPIP;
			};
			name = Release;
		};
/* End XCBuildConfiguration section */

/* Begin XCConfigurationList section */
		C391DB7E206E48AB00DEA30F /* Build configuration list for PBXProject "v2POCPIP" */ = {
			isa = XCConfigurationList;
			buildConfigurations = (
				C391DB9E206E48B400DEA30F /* Debug */,
				C391DB9F206E48B400DEA30F /* Release */,
			);
			defaultConfigurationIsVisible = 0;
			defaultConfigurationName = Release;
		};
		C391DBA0206E48B400DEA30F /* Build configuration list for PBXNativeTarget "v2POCPIP" */ = {
			isa = XCConfigurationList;
			buildConfigurations = (
				C391DBA1206E48B400DEA30F /* Debug */,
				C391DBA2206E48B400DEA30F /* Release */,
			);
			defaultConfigurationIsVisible = 0;
			defaultConfigurationName = Release;
		};
		C391DBA3206E48B400DEA30F /* Build configuration list for PBXNativeTarget "v2POCPIPUITests" */ = {
			isa = XCConfigurationList;
			buildConfigurations = (
				C391DBA4206E48B400DEA30F /* Debug */,
				C391DBA5206E48B400DEA30F /* Release */,
			);
			defaultConfigurationIsVisible = 0;
			defaultConfigurationName = Release;
		};
/* End XCConfigurationList section */
	};
	rootObject = C391DB7B206E48AB00DEA30F /* Project object */;
}
